
Microsoft Visual Studio Solution File, Format Version 12.00
# Visual Studio Version 17
VisualStudioVersion = 17.14.36623.8 d17.14
MinimumVisualStudioVersion = 10.0.40219.1
Project("{FAE04EC0-301F-11D3-BF4B-00C04F79EFBC}") = "MyFirst project in CSharp", "MyFirst project in CSharp\MyFirst project in CSharp.csproj", "{7414F698-B3FB-4D48-AEAC-865769AE873C}"
EndProject
Global
	GlobalSection(SolutionConfigurationPlatforms) = preSolution
		Debug|Any CPU = Debug|Any CPU
		Release|Any CPU = Release|Any CPU
	EndGlobalSection
	GlobalSection(ProjectConfigurationPlatforms) = postSolution
		{7414F698-B3FB-4D48-AEAC-865769AE873C}.Debug|Any CPU.ActiveCfg = Debug|Any CPU
		{7414F698-B3FB-4D48-AEAC-865769AE873C}.Debug|Any CPU.Build.0 = Debug|Any CPU
		{7414F698-B3FB-4D48-AEAC-865769AE873C}.Release|Any CPU.ActiveCfg = Release|Any CPU
		{7414F698-B3FB-4D48-AEAC-865769AE873C}.Release|Any CPU.Build.0 = Release|Any CPU
	EndGlobalSection
	GlobalSection(SolutionProperties) = preSolution
		HideSolutionNode = FALSE
	EndGlobalSection
	GlobalSection(ExtensibilityGlobals) = postSolution
		SolutionGuid = {BB6C7AA7-44F7-420C-97A8-387470D38007}
	EndGlobalSection
EndGlobal
